// !$*UTF8*$!
{
	archiveVersion = 1;
	classes = {
	};
	objectVersion = 50;
	objects = {

/* Begin PBXBuildFile section */
		A50D638820CF170500A89115 /* libfftw3.dylib in Frameworks */ = {isa = PBXBuildFile; fileRef = A50D638720CF170500A89115 /* libfftw3.dylib */; };
		A50D638C20CF190000A89115 /* libSystem.tbd in Frameworks */ = {isa = PBXBuildFile; fileRef = A50D638B20CF190000A89115 /* libSystem.tbd */; };
		A541774520C8739300C2FA29 /* main.cpp in Sources */ = {isa = PBXBuildFile; fileRef = A541774420C8739300C2FA29 /* main.cpp */; };
		A541774D20C873BB00C2FA29 /* bleichenbacher.cpp in Sources */ = {isa = PBXBuildFile; fileRef = A541774C20C873BB00C2FA29 /* bleichenbacher.cpp */; };
		A5BFD62520DF6B32000A1FCB /* OpenCL.framework in Frameworks */ = {isa = PBXBuildFile; fileRef = A5BFD62420DF6B32000A1FCB /* OpenCL.framework */; };
		A5D7F43C20CE353500E5313A /* libntl.dylib in Frameworks */ = {isa = PBXBuildFile; fileRef = A5D7F43B20CE353500E5313A /* libntl.dylib */; };
/* End PBXBuildFile section */

/* Begin PBXCopyFilesBuildPhase section */
		A541773F20C8739300C2FA29 /* CopyFiles */ = {
			isa = PBXCopyFilesBuildPhase;
			buildActionMask = 2147483647;
			dstPath = /usr/share/man/man1/;
			dstSubfolderSpec = 0;
			files = (
			);
			runOnlyForDeploymentPostprocessing = 1;
		};
/* End PBXCopyFilesBuildPhase section */

/* Begin PBXFileReference section */
		A50D638720CF170500A89115 /* libfftw3.dylib */ = {isa = PBXFileReference; lastKnownFileType = "compiled.mach-o.dylib"; name = libfftw3.dylib; path = ../../../../../../../usr/local/lib/libfftw3.dylib; sourceTree = "<group>"; };
		A50D638B20CF190000A89115 /* libSystem.tbd */ = {isa = PBXFileReference; lastKnownFileType = "sourcecode.text-based-dylib-definition"; name = libSystem.tbd; path = usr/lib/libSystem.tbd; sourceTree = SDKROOT; };
		A53F8BD920E5E81C00D7BE2F /* rsmTuples */ = {isa = PBXFileReference; fileEncoding = 4; lastKnownFileType = text; path = rsmTuples; sourceTree = "<group>"; };
		A541774120C8739300C2FA29 /* Bleichenbacher-ECDSA-Nonce-Attack */ = {isa = PBXFileReference; explicitFileType = "compiled.mach-o.executable"; includeInIndex = 0; path = "Bleichenbacher-ECDSA-Nonce-Attack"; sourceTree = BUILT_PRODUCTS_DIR; };
		A541774420C8739300C2FA29 /* main.cpp */ = {isa = PBXFileReference; lastKnownFileType = sourcecode.cpp.cpp; path = main.cpp; sourceTree = "<group>"; };
		A541774B20C873BB00C2FA29 /* bleichenbacher.h */ = {isa = PBXFileReference; fileEncoding = 4; lastKnownFileType = sourcecode.c.h; name = bleichenbacher.h; path = ../../../bleichenbacher.h; sourceTree = "<group>"; };
		A541774C20C873BB00C2FA29 /* bleichenbacher.cpp */ = {isa = PBXFileReference; fileEncoding = 4; lastKnownFileType = sourcecode.cpp.cpp; name = bleichenbacher.cpp; path = ../../../bleichenbacher.cpp; sourceTree = "<group>"; };
		A5BFD62420DF6B32000A1FCB /* OpenCL.framework */ = {isa = PBXFileReference; lastKnownFileType = wrapper.framework; name = OpenCL.framework; path = System/Library/Frameworks/OpenCL.framework; sourceTree = SDKROOT; };
		A5D7F43B20CE353500E5313A /* libntl.dylib */ = {isa = PBXFileReference; lastKnownFileType = "compiled.mach-o.dylib"; name = libntl.dylib; path = ../../../../../../../usr/local/lib/libntl.dylib; sourceTree = "<group>"; };
/* End PBXFileReference section */

/* Begin PBXFrameworksBuildPhase section */
		A541773E20C8739300C2FA29 /* Frameworks */ = {
			isa = PBXFrameworksBuildPhase;
			buildActionMask = 2147483647;
			files = (
				A5BFD62520DF6B32000A1FCB /* OpenCL.framework in Frameworks */,
				A50D638C20CF190000A89115 /* libSystem.tbd in Frameworks */,
				A5D7F43C20CE353500E5313A /* libntl.dylib in Frameworks */,
				A50D638820CF170500A89115 /* libfftw3.dylib in Frameworks */,
			);
			runOnlyForDeploymentPostprocessing = 0;
		};
/* End PBXFrameworksBuildPhase section */

/* Begin PBXGroup section */
		A541773820C8739300C2FA29 = {
			isa = PBXGroup;
			children = (
				A541774320C8739300C2FA29 /* Bleichenbacher-ECDSA-Nonce-Attack */,
				A541774220C8739300C2FA29 /* Products */,
				A5D7F43620CE330400E5313A /* Frameworks */,
			);
			sourceTree = "<group>";
		};
		A541774220C8739300C2FA29 /* Products */ = {
			isa = PBXGroup;
			children = (
				A541774120C8739300C2FA29 /* Bleichenbacher-ECDSA-Nonce-Attack */,
			);
			name = Products;
			sourceTree = "<group>";
		};
		A541774320C8739300C2FA29 /* Bleichenbacher-ECDSA-Nonce-Attack */ = {
			isa = PBXGroup;
			children = (
				A541774420C8739300C2FA29 /* main.cpp */,
				A541774B20C873BB00C2FA29 /* bleichenbacher.h */,
				A541774C20C873BB00C2FA29 /* bleichenbacher.cpp */,
				A53F8BD920E5E81C00D7BE2F /* rsmTuples */,
			);
			path = "Bleichenbacher-ECDSA-Nonce-Attack";
			sourceTree = "<group>";
		};
		A5D7F43620CE330400E5313A /* Frameworks */ = {
			isa = PBXGroup;
			children = (
				A5BFD62420DF6B32000A1FCB /* OpenCL.framework */,
				A50D638B20CF190000A89115 /* libSystem.tbd */,
				A50D638720CF170500A89115 /* libfftw3.dylib */,
				A5D7F43B20CE353500E5313A /* libntl.dylib */,
			);
			name = Frameworks;
			sourceTree = "<group>";
		};
/* End PBXGroup section */

/* Begin PBXNativeTarget section */
		A541774020C8739300C2FA29 /* Bleichenbacher-ECDSA-Nonce-Attack */ = {
			isa = PBXNativeTarget;
			buildConfigurationList = A541774820C8739300C2FA29 /* Build configuration list for PBXNativeTarget "Bleichenbacher-ECDSA-Nonce-Attack" */;
			buildPhases = (
				A541773D20C8739300C2FA29 /* Sources */,
				A541773E20C8739300C2FA29 /* Frameworks */,
				A541773F20C8739300C2FA29 /* CopyFiles */,
			);
			buildRules = (
			);
			dependencies = (
			);
			name = "Bleichenbacher-ECDSA-Nonce-Attack";
			productName = "Bleichenbacher-ECDSA-Nonce-Attack";
			productReference = A541774120C8739300C2FA29 /* Bleichenbacher-ECDSA-Nonce-Attack */;
			productType = "com.apple.product-type.tool";
		};
/* End PBXNativeTarget section */

/* Begin PBXProject section */
		A541773920C8739300C2FA29 /* Project object */ = {
			isa = PBXProject;
			attributes = {
				LastUpgradeCheck = 0930;
				ORGANIZATIONNAME = "Wojciech Charysz";
				TargetAttributes = {
					A541774020C8739300C2FA29 = {
						CreatedOnToolsVersion = 9.3;
					};
				};
			};
			buildConfigurationList = A541773C20C8739300C2FA29 /* Build configuration list for PBXProject "Bleichenbacher-ECDSA-Nonce-Attack" */;
			compatibilityVersion = "Xcode 9.3";
			developmentRegion = en;
			hasScannedForEncodings = 0;
			knownRegions = (
				en,
			);
			mainGroup = A541773820C8739300C2FA29;
			productRefGroup = A541774220C8739300C2FA29 /* Products */;
			projectDirPath = "";
			projectRoot = "";
			targets = (
				A541774020C8739300C2FA29 /* Bleichenbacher-ECDSA-Nonce-Attack */,
			);
		};
/* End PBXProject section */

/* Begin PBXSourcesBuildPhase section */
		A541773D20C8739300C2FA29 /* Sources */ = {
			isa = PBXSourcesBuildPhase;
			buildActionMask = 2147483647;
			files = (
				A541774D20C873BB00C2FA29 /* bleichenbacher.cpp in Sources */,
				A541774520C8739300C2FA29 /* main.cpp in Sources */,
			);
			runOnlyForDeploymentPostprocessing = 0;
		};
/* End PBXSourcesBuildPhase section */

/* Begin XCBuildConfiguration section */
		A541774620C8739300C2FA29 /* Debug */ = {
			isa = XCBuildConfiguration;
			buildSettings = {
				ALWAYS_SEARCH_USER_PATHS = NO;
				CLANG_ANALYZER_NONNULL = YES;
				CLANG_ANALYZER_NUMBER_OBJECT_CONVERSION = YES_AGGRESSIVE;
				CLANG_CXX_LANGUAGE_STANDARD = "gnu++14";
				CLANG_CXX_LIBRARY = "libc++";
				CLANG_ENABLE_MODULES = YES;
				CLANG_ENABLE_OBJC_ARC = YES;
				CLANG_ENABLE_OBJC_WEAK = YES;
				CLANG_WARN_BLOCK_CAPTURE_AUTORELEASING = YES;
				CLANG_WARN_BOOL_CONVERSION = YES;
				CLANG_WARN_COMMA = YES;
				CLANG_WARN_CONSTANT_CONVERSION = YES;
				CLANG_WARN_DEPRECATED_OBJC_IMPLEMENTATIONS = YES;
				CLANG_WARN_DIRECT_OBJC_ISA_USAGE = YES_ERROR;
				CLANG_WARN_DOCUMENTATION_COMMENTS = YES;
				CLANG_WARN_EMPTY_BODY = YES;
				CLANG_WARN_ENUM_CONVERSION = YES;
				CLANG_WARN_INFINITE_RECURSION = YES;
				CLANG_WARN_INT_CONVERSION = YES;
				CLANG_WARN_NON_LITERAL_NULL_CONVERSION = YES;
				CLANG_WARN_OBJC_IMPLICIT_RETAIN_SELF = YES;
				CLANG_WARN_OBJC_LITERAL_CONVERSION = YES;
				CLANG_WARN_OBJC_ROOT_CLASS = YES_ERROR;
				CLANG_WARN_RANGE_LOOP_ANALYSIS = YES;
				CLANG_WARN_STRICT_PROTOTYPES = YES;
				CLANG_WARN_SUSPICIOUS_MOVE = YES;
				CLANG_WARN_UNGUARDED_AVAILABILITY = YES_AGGRESSIVE;
				CLANG_WARN_UNREACHABLE_CODE = YES;
				CLANG_WARN__DUPLICATE_METHOD_MATCH = YES;
				CODE_SIGN_IDENTITY = "-";
				COPY_PHASE_STRIP = NO;
				DEBUG_INFORMATION_FORMAT = dwarf;
				ENABLE_STRICT_OBJC_MSGSEND = YES;
				ENABLE_TESTABILITY = YES;
				GCC_C_LANGUAGE_STANDARD = gnu11;
				GCC_DYNAMIC_NO_PIC = NO;
				GCC_NO_COMMON_BLOCKS = YES;
				GCC_OPTIMIZATION_LEVEL = 0;
				GCC_PREPROCESSOR_DEFINITIONS = (
					"DEBUG=1",
					"$(inherited)",
				);
				GCC_WARN_64_TO_32_BIT_CONVERSION = YES;
				GCC_WARN_ABOUT_RETURN_TYPE = YES_ERROR;
				GCC_WARN_UNDECLARED_SELECTOR = YES;
				GCC_WARN_UNINITIALIZED_AUTOS = YES_AGGRESSIVE;
				GCC_WARN_UNUSED_FUNCTION = YES;
				GCC_WARN_UNUSED_VARIABLE = YES;
				MACOSX_DEPLOYMENT_TARGET = 10.13;
				MTL_ENABLE_DEBUG_INFO = YES;
				ONLY_ACTIVE_ARCH = YES;
				SDKROOT = macosx;
			};
			name = Debug;
		};
		A541774720C8739300C2FA29 /* Release */ = {
			isa = XCBuildConfiguration;
			buildSettings = {
				ALWAYS_SEARCH_USER_PATHS = NO;
				CLANG_ANALYZER_NONNULL = YES;
				CLANG_ANALYZER_NUMBER_OBJECT_CONVERSION = YES_AGGRESSIVE;
				CLANG_CXX_LANGUAGE_STANDARD = "gnu++14";
				CLANG_CXX_LIBRARY = "libc++";
				CLANG_ENABLE_MODULES = YES;
				CLANG_ENABLE_OBJC_ARC = YES;
				CLANG_ENABLE_OBJC_WEAK = YES;
				CLANG_WARN_BLOCK_CAPTURE_AUTORELEASING = YES;
				CLANG_WARN_BOOL_CONVERSION = YES;
				CLANG_WARN_COMMA = YES;
				CLANG_WARN_CONSTANT_CONVERSION = YES;
				CLANG_WARN_DEPRECATED_OBJC_IMPLEMENTATIONS = YES;
				CLANG_WARN_DIRECT_OBJC_ISA_USAGE = YES_ERROR;
				CLANG_WARN_DOCUMENTATION_COMMENTS = YES;
				CLANG_WARN_EMPTY_BODY = YES;
				CLANG_WARN_ENUM_CONVERSION = YES;
				CLANG_WARN_INFINITE_RECURSION = YES;
				CLANG_WARN_INT_CONVERSION = YES;
				CLANG_WARN_NON_LITERAL_NULL_CONVERSION = YES;
				CLANG_WARN_OBJC_IMPLICIT_RETAIN_SELF = YES;
				CLANG_WARN_OBJC_LITERAL_CONVERSION = YES;
				CLANG_WARN_OBJC_ROOT_CLASS = YES_ERROR;
				CLANG_WARN_RANGE_LOOP_ANALYSIS = YES;
				CLANG_WARN_STRICT_PROTOTYPES = YES;
				CLANG_WARN_SUSPICIOUS_MOVE = YES;
				CLANG_WARN_UNGUARDED_AVAILABILITY = YES_AGGRESSIVE;
				CLANG_WARN_UNREACHABLE_CODE = YES;
				CLANG_WARN__DUPLICATE_METHOD_MATCH = YES;
				CODE_SIGN_IDENTITY = "-";
				COPY_PHASE_STRIP = NO;
				DEBUG_INFORMATION_FORMAT = "dwarf-with-dsym";
				ENABLE_NS_ASSERTIONS = NO;
				ENABLE_STRICT_OBJC_MSGSEND = YES;
				GCC_C_LANGUAGE_STANDARD = gnu11;
				GCC_NO_COMMON_BLOCKS = YES;
				GCC_WARN_64_TO_32_BIT_CONVERSION = YES;
				GCC_WARN_ABOUT_RETURN_TYPE = YES_ERROR;
				GCC_WARN_UNDECLARED_SELECTOR = YES;
				GCC_WARN_UNINITIALIZED_AUTOS = YES_AGGRESSIVE;
				GCC_WARN_UNUSED_FUNCTION = YES;
				GCC_WARN_UNUSED_VARIABLE = YES;
				MACOSX_DEPLOYMENT_TARGET = 10.13;
				MTL_ENABLE_DEBUG_INFO = NO;
				SDKROOT = macosx;
			};
			name = Release;
		};
		A541774920C8739300C2FA29 /* Debug */ = {
			isa = XCBuildConfiguration;
			buildSettings = {
				CODE_SIGN_STYLE = Automatic;
				HEADER_SEARCH_PATHS = (
					/usr/local/include/,
					/usr/local/Cellar/boost/1.67.0_1,
				);
				LIBRARY_SEARCH_PATHS = (
					"$(inherited)",
					/usr/local/lib,
					"$(SDKROOT)/usr/lib/system",
				);
				PRODUCT_NAME = "$(TARGET_NAME)";
			};
			name = Debug;
		};
		A541774A20C8739300C2FA29 /* Release */ = {
			isa = XCBuildConfiguration;
			buildSettings = {
				CODE_SIGN_STYLE = Automatic;
				HEADER_SEARCH_PATHS = (
					/usr/local/include/,
					/usr/local/Cellar/boost/1.67.0_1,
				);
				LIBRARY_SEARCH_PATHS = (
					"$(inherited)",
					/usr/local/lib,
					"$(SDKROOT)/usr/lib/system",
				);
				PRODUCT_NAME = "$(TARGET_NAME)";
			};
			name = Release;
		};
/* End XCBuildConfiguration section */

/* Begin XCConfigurationList section */
		A541773C20C8739300C2FA29 /* Build configuration list for PBXProject "Bleichenbacher-ECDSA-Nonce-Attack" */ = {
			isa = XCConfigurationList;
			buildConfigurations = (
				A541774620C8739300C2FA29 /* Debug */,
				A541774720C8739300C2FA29 /* Release */,
			);
			defaultConfigurationIsVisible = 0;
			defaultConfigurationName = Release;
		};
		A541774820C8739300C2FA29 /* Build configuration list for PBXNativeTarget "Bleichenbacher-ECDSA-Nonce-Attack" */ = {
			isa = XCConfigurationList;
			buildConfigurations = (
				A541774920C8739300C2FA29 /* Debug */,
				A541774A20C8739300C2FA29 /* Release */,
			);
			defaultConfigurationIsVisible = 0;
			defaultConfigurationName = Release;
		};
/* End XCConfigurationList section */
	};
	rootObject = A541773920C8739300C2FA29 /* Project object */;
}
